{
  "originHash" : "51ddc62a1ee98dd176f2dae7de88a7fe96a7924da67fb5ef1ee7a1078996190a",
  "pins" : [
    {
      "identity" : "mockolo",
      "kind" : "remoteSourceControl",
      "location" : "https://github.com/uber/mockolo",
      "state" : {
        "revision" : "43c7ec586ba85a8904992dc4867533c787499211",
        "version" : "2.1.1"
      }
    },
    {
      "identity" : "swift-argument-parser",
      "kind" : "remoteSourceControl",
      "location" : "https://github.com/apple/swift-argument-parser.git",
      "state" : {
        "revision" : "41982a3656a71c768319979febd796c6fd111d5c",
        "version" : "1.5.0"
      }
    },
    {
      "identity" : "swift-syntax",
      "kind" : "remoteSourceControl",
      "location" : "https://github.com/apple/swift-syntax.git",
      "state" : {
        "revision" : "2bc86522d115234d1f588efe2bcb4ce4be8f8b82",
        "version" : "510.0.3"
      }
    }
  ],
  "version" : 3
}
